// !$*UTF8*$!
{
	archiveVersion = 1;
	classes = {
	};
	objectVersion = 56;
	objects = {

/* Begin PBXBuildFile section */
		FDE88E4129207778000666B1 /* AppDelegate.swift in Sources */ = {isa = PBXBuildFile; fileRef = FDE88E4029207778000666B1 /* AppDelegate.swift */; };
		FDE88E4329207778000666B1 /* SceneDelegate.swift in Sources */ = {isa = PBXBuildFile; fileRef = FDE88E4229207778000666B1 /* SceneDelegate.swift */; };
		FDE88E4529207778000666B1 /* ViewController.swift in Sources */ = {isa = PBXBuildFile; fileRef = FDE88E4429207778000666B1 /* ViewController.swift */; };
		FDE88E4829207778000666B1 /* Main.storyboard in Resources */ = {isa = PBXBuildFile; fileRef = FDE88E4629207778000666B1 /* Main.storyboard */; };
		FDE88E4A29207779000666B1 /* Assets.xcassets in Resources */ = {isa = PBXBuildFile; fileRef = FDE88E4929207779000666B1 /* Assets.xcassets */; };
		FDE88E4D29207779000666B1 /* LaunchScreen.storyboard in Resources */ = {isa = PBXBuildFile; fileRef = FDE88E4B29207779000666B1 /* LaunchScreen.storyboard */; };
		FDE88E5829207779000666B1 /* StreetStoryTests.swift in Sources */ = {isa = PBXBuildFile; fileRef = FDE88E5729207779000666B1 /* StreetStoryTests.swift */; };
		FDE88E6229207779000666B1 /* StreetStoryUITests.swift in Sources */ = {isa = PBXBuildFile; fileRef = FDE88E6129207779000666B1 /* StreetStoryUITests.swift */; };
		FDE88E6429207779000666B1 /* StreetStoryUITestsLaunchTests.swift in Sources */ = {isa = PBXBuildFile; fileRef = FDE88E6329207779000666B1 /* StreetStoryUITestsLaunchTests.swift */; };
/* End PBXBuildFile section */

/* Begin PBXContainerItemProxy section */
		FDE88E5429207779000666B1 /* PBXContainerItemProxy */ = {
			isa = PBXContainerItemProxy;
			containerPortal = FDE88E3529207778000666B1 /* Project object */;
			proxyType = 1;
			remoteGlobalIDString = FDE88E3C29207778000666B1;
			remoteInfo = StreetStory;
		};
		FDE88E5E29207779000666B1 /* PBXContainerItemProxy */ = {
			isa = PBXContainerItemProxy;
			containerPortal = FDE88E3529207778000666B1 /* Project object */;
			proxyType = 1;
			remoteGlobalIDString = FDE88E3C29207778000666B1;
			remoteInfo = StreetStory;
		};
/* End PBXContainerItemProxy section */

/* Begin PBXFileReference section */
		FDE88E3D29207778000666B1 /* StreetStory.app */ = {isa = PBXFileReference; explicitFileType = wrapper.application; includeInIndex = 0; path = StreetStory.app; sourceTree = BUILT_PRODUCTS_DIR; };
		FDE88E4029207778000666B1 /* AppDelegate.swift */ = {isa = PBXFileReference; lastKnownFileType = sourcecode.swift; path = AppDelegate.swift; sourceTree = "<group>"; };
		FDE88E4229207778000666B1 /* SceneDelegate.swift */ = {isa = PBXFileReference; lastKnownFileType = sourcecode.swift; path = SceneDelegate.swift; sourceTree = "<group>"; };
		FDE88E4429207778000666B1 /* ViewController.swift */ = {isa = PBXFileReference; lastKnownFileType = sourcecode.swift; path = ViewController.swift; sourceTree = "<group>"; };
		FDE88E4729207778000666B1 /* Base */ = {isa = PBXFileReference; lastKnownFileType = file.storyboard; name = Base; path = Base.lproj/Main.storyboard; sourceTree = "<group>"; };
		FDE88E4929207779000666B1 /* Assets.xcassets */ = {isa = PBXFileReference; lastKnownFileType = folder.assetcatalog; path = Assets.xcassets; sourceTree = "<group>"; };
		FDE88E4C29207779000666B1 /* Base */ = {isa = PBXFileReference; lastKnownFileType = file.storyboard; name = Base; path = Base.lproj/LaunchScreen.storyboard; sourceTree = "<group>"; };
		FDE88E4E29207779000666B1 /* Info.plist */ = {isa = PBXFileReference; lastKnownFileType = text.plist.xml; path = Info.plist; sourceTree = "<group>"; };
		FDE88E5329207779000666B1 /* StreetStoryTests.xctest */ = {isa = PBXFileReference; explicitFileType = wrapper.cfbundle; includeInIndex = 0; path = StreetStoryTests.xctest; sourceTree = BUILT_PRODUCTS_DIR; };
		FDE88E5729207779000666B1 /* StreetStoryTests.swift */ = {isa = PBXFileReference; lastKnownFileType = sourcecode.swift; path = StreetStoryTests.swift; sourceTree = "<group>"; };
		FDE88E5D29207779000666B1 /* StreetStoryUITests.xctest */ = {isa = PBXFileReference; explicitFileType = wrapper.cfbundle; includeInIndex = 0; path = StreetStoryUITests.xctest; sourceTree = BUILT_PRODUCTS_DIR; };
		FDE88E6129207779000666B1 /* StreetStoryUITests.swift */ = {isa = PBXFileReference; lastKnownFileType = sourcecode.swift; path = StreetStoryUITests.swift; sourceTree = "<group>"; };
		FDE88E6329207779000666B1 /* StreetStoryUITestsLaunchTests.swift */ = {isa = PBXFileReference; lastKnownFileType = sourcecode.swift; path = StreetStoryUITestsLaunchTests.swift; sourceTree = "<group>"; };
/* End PBXFileReference section */

/* Begin PBXFrameworksBuildPhase section */
		FDE88E3A29207778000666B1 /* Frameworks */ = {
			isa = PBXFrameworksBuildPhase;
			buildActionMask = 2147483647;
			files = (
			);
			runOnlyForDeploymentPostprocessing = 0;
		};
		FDE88E5029207779000666B1 /* Frameworks */ = {
			isa = PBXFrameworksBuildPhase;
			buildActionMask = 2147483647;
			files = (
			);
			runOnlyForDeploymentPostprocessing = 0;
		};
		FDE88E5A29207779000666B1 /* Frameworks */ = {
			isa = PBXFrameworksBuildPhase;
			buildActionMask = 2147483647;
			files = (
			);
			runOnlyForDeploymentPostprocessing = 0;
		};
/* End PBXFrameworksBuildPhase section */

/* Begin PBXGroup section */
		FDE88E3429207778000666B1 = {
			isa = PBXGroup;
			children = (
				FDE88E3F29207778000666B1 /* StreetStory */,
				FDE88E5629207779000666B1 /* StreetStoryTests */,
				FDE88E6029207779000666B1 /* StreetStoryUITests */,
				FDE88E3E29207778000666B1 /* Products */,
			);
			sourceTree = "<group>";
		};
		FDE88E3E29207778000666B1 /* Products */ = {
			isa = PBXGroup;
			children = (
				FDE88E3D29207778000666B1 /* StreetStory.app */,
				FDE88E5329207779000666B1 /* StreetStoryTests.xctest */,
				FDE88E5D29207779000666B1 /* StreetStoryUITests.xctest */,
			);
			name = Products;
			sourceTree = "<group>";
		};
		FDE88E3F29207778000666B1 /* StreetStory */ = {
			isa = PBXGroup;
			children = (
				FDE88E4029207778000666B1 /* AppDelegate.swift */,
				FDE88E4229207778000666B1 /* SceneDelegate.swift */,
				FDE88E4429207778000666B1 /* ViewController.swift */,
				FDE88E4629207778000666B1 /* Main.storyboard */,
				FDE88E4929207779000666B1 /* Assets.xcassets */,
				FDE88E4B29207779000666B1 /* LaunchScreen.storyboard */,
				FDE88E4E29207779000666B1 /* Info.plist */,
			);
			path = StreetStory;
			sourceTree = "<group>";
		};
		FDE88E5629207779000666B1 /* StreetStoryTests */ = {
			isa = PBXGroup;
			children = (
				FDE88E5729207779000666B1 /* StreetStoryTests.swift */,
			);
			path = StreetStoryTests;
			sourceTree = "<group>";
		};
		FDE88E6029207779000666B1 /* StreetStoryUITests */ = {
			isa = PBXGroup;
			children = (
				FDE88E6129207779000666B1 /* StreetStoryUITests.swift */,
				FDE88E6329207779000666B1 /* StreetStoryUITestsLaunchTests.swift */,
			);
			path = StreetStoryUITests;
			sourceTree = "<group>";
		};
/* End PBXGroup section */

/* Begin PBXNativeTarget section */
		FDE88E3C29207778000666B1 /* StreetStory */ = {
			isa = PBXNativeTarget;
			buildConfigurationList = FDE88E6729207779000666B1 /* Build configuration list for PBXNativeTarget "StreetStory" */;
			buildPhases = (
				FDE88E3929207778000666B1 /* Sources */,
				FDE88E3A29207778000666B1 /* Frameworks */,
				FDE88E3B29207778000666B1 /* Resources */,
			);
			buildRules = (
			);
			dependencies = (
			);
			name = StreetStory;
			productName = StreetStory;
			productReference = FDE88E3D29207778000666B1 /* StreetStory.app */;
			productType = "com.apple.product-type.application";
		};
		FDE88E5229207779000666B1 /* StreetStoryTests */ = {
			isa = PBXNativeTarget;
			buildConfigurationList = FDE88E6A29207779000666B1 /* Build configuration list for PBXNativeTarget "StreetStoryTests" */;
			buildPhases = (
				FDE88E4F29207779000666B1 /* Sources */,
				FDE88E5029207779000666B1 /* Frameworks */,
				FDE88E5129207779000666B1 /* Resources */,
			);
			buildRules = (
			);
			dependencies = (
				FDE88E5529207779000666B1 /* PBXTargetDependency */,
			);
			name = StreetStoryTests;
			productName = StreetStoryTests;
			productReference = FDE88E5329207779000666B1 /* StreetStoryTests.xctest */;
			productType = "com.apple.product-type.bundle.unit-test";
		};
		FDE88E5C29207779000666B1 /* StreetStoryUITests */ = {
			isa = PBXNativeTarget;
			buildConfigurationList = FDE88E6D29207779000666B1 /* Build configuration list for PBXNativeTarget "StreetStoryUITests" */;
			buildPhases = (
				FDE88E5929207779000666B1 /* Sources */,
				FDE88E5A29207779000666B1 /* Frameworks */,
				FDE88E5B29207779000666B1 /* Resources */,
			);
			buildRules = (
			);
			dependencies = (
				FDE88E5F29207779000666B1 /* PBXTargetDependency */,
			);
			name = StreetStoryUITests;
			productName = StreetStoryUITests;
			productReference = FDE88E5D29207779000666B1 /* StreetStoryUITests.xctest */;
			productType = "com.apple.product-type.bundle.ui-testing";
		};
/* End PBXNativeTarget section */

/* Begin PBXProject section */
		FDE88E3529207778000666B1 /* Project object */ = {
			isa = PBXProject;
			attributes = {
				BuildIndependentTargetsInParallel = 1;
				LastSwiftUpdateCheck = 1410;
				LastUpgradeCheck = 1410;
				TargetAttributes = {
					FDE88E3C29207778000666B1 = {
						CreatedOnToolsVersion = 14.1;
					};
					FDE88E5229207779000666B1 = {
						CreatedOnToolsVersion = 14.1;
						TestTargetID = FDE88E3C29207778000666B1;
					};
					FDE88E5C29207779000666B1 = {
						CreatedOnToolsVersion = 14.1;
						TestTargetID = FDE88E3C29207778000666B1;
					};
				};
			};
			buildConfigurationList = FDE88E3829207778000666B1 /* Build configuration list for PBXProject "StreetStory" */;
			compatibilityVersion = "Xcode 14.0";
			developmentRegion = en;
			hasScannedForEncodings = 0;
			knownRegions = (
				en,
				Base,
			);
			mainGroup = FDE88E3429207778000666B1;
			productRefGroup = FDE88E3E29207778000666B1 /* Products */;
			projectDirPath = "";
			projectRoot = "";
			targets = (
				FDE88E3C29207778000666B1 /* StreetStory */,
				FDE88E5229207779000666B1 /* StreetStoryTests */,
				FDE88E5C29207779000666B1 /* StreetStoryUITests */,
			);
		};
/* End PBXProject section */

/* Begin PBXResourcesBuildPhase section */
		FDE88E3B29207778000666B1 /* Resources */ = {
			isa = PBXResourcesBuildPhase;
			buildActionMask = 2147483647;
			files = (
				FDE88E4D29207779000666B1 /* LaunchScreen.storyboard in Resources */,
				FDE88E4A29207779000666B1 /* Assets.xcassets in Resources */,
				FDE88E4829207778000666B1 /* Main.storyboard in Resources */,
			);
			runOnlyForDeploymentPostprocessing = 0;
		};
		FDE88E5129207779000666B1 /* Resources */ = {
			isa = PBXResourcesBuildPhase;
			buildActionMask = 2147483647;
			files = (
			);
			runOnlyForDeploymentPostprocessing = 0;
		};
		FDE88E5B29207779000666B1 /* Resources */ = {
			isa = PBXResourcesBuildPhase;
			buildActionMask = 2147483647;
			files = (
			);
			runOnlyForDeploymentPostprocessing = 0;
		};
/* End PBXResourcesBuildPhase section */

/* Begin PBXSourcesBuildPhase section */
		FDE88E3929207778000666B1 /* Sources */ = {
			isa = PBXSourcesBuildPhase;
			buildActionMask = 2147483647;
			files = (
				FDE88E4529207778000666B1 /* ViewController.swift in Sources */,
				FDE88E4129207778000666B1 /* AppDelegate.swift in Sources */,
				FDE88E4329207778000666B1 /* SceneDelegate.swift in Sources */,
			);
			runOnlyForDeploymentPostprocessing = 0;
		};
		FDE88E4F29207779000666B1 /* Sources */ = {
			isa = PBXSourcesBuildPhase;
			buildActionMask = 2147483647;
			files = (
				FDE88E5829207779000666B1 /* StreetStoryTests.swift in Sources */,
			);
			runOnlyForDeploymentPostprocessing = 0;
		};
		FDE88E5929207779000666B1 /* Sources */ = {
			isa = PBXSourcesBuildPhase;
			buildActionMask = 2147483647;
			files = (
				FDE88E6229207779000666B1 /* StreetStoryUITests.swift in Sources */,
				FDE88E6429207779000666B1 /* StreetStoryUITestsLaunchTests.swift in Sources */,
			);
			runOnlyForDeploymentPostprocessing = 0;
		};
/* End PBXSourcesBuildPhase section */

/* Begin PBXTargetDependency section */
		FDE88E5529207779000666B1 /* PBXTargetDependency */ = {
			isa = PBXTargetDependency;
			target = FDE88E3C29207778000666B1 /* StreetStory */;
			targetProxy = FDE88E5429207779000666B1 /* PBXContainerItemProxy */;
		};
		FDE88E5F29207779000666B1 /* PBXTargetDependency */ = {
			isa = PBXTargetDependency;
			target = FDE88E3C29207778000666B1 /* StreetStory */;
			targetProxy = FDE88E5E29207779000666B1 /* PBXContainerItemProxy */;
		};
/* End PBXTargetDependency section */

/* Begin PBXVariantGroup section */
		FDE88E4629207778000666B1 /* Main.storyboard */ = {
			isa = PBXVariantGroup;
			children = (
				FDE88E4729207778000666B1 /* Base */,
			);
			name = Main.storyboard;
			sourceTree = "<group>";
		};
		FDE88E4B29207779000666B1 /* LaunchScreen.storyboard */ = {
			isa = PBXVariantGroup;
			children = (
				FDE88E4C29207779000666B1 /* Base */,
			);
			name = LaunchScreen.storyboard;
			sourceTree = "<group>";
		};
/* End PBXVariantGroup section */

/* Begin XCBuildConfiguration section */
		FDE88E6529207779000666B1 /* Debug */ = {
			isa = XCBuildConfiguration;
			buildSettings = {
				ALWAYS_SEARCH_USER_PATHS = NO;
				CLANG_ANALYZER_NONNULL = YES;
				CLANG_ANALYZER_NUMBER_OBJECT_CONVERSION = YES_AGGRESSIVE;
				CLANG_CXX_LANGUAGE_STANDARD = "gnu++20";
				CLANG_ENABLE_MODULES = YES;
				CLANG_ENABLE_OBJC_ARC = YES;
				CLANG_ENABLE_OBJC_WEAK = YES;
				CLANG_WARN_BLOCK_CAPTURE_AUTORELEASING = YES;
				CLANG_WARN_BOOL_CONVERSION = YES;
				CLANG_WARN_COMMA = YES;
				CLANG_WARN_CONSTANT_CONVERSION = YES;
				CLANG_WARN_DEPRECATED_OBJC_IMPLEMENTATIONS = YES;
				CLANG_WARN_DIRECT_OBJC_ISA_USAGE = YES_ERROR;
				CLANG_WARN_DOCUMENTATION_COMMENTS = YES;
				CLANG_WARN_EMPTY_BODY = YES;
				CLANG_WARN_ENUM_CONVERSION = YES;
				CLANG_WARN_INFINITE_RECURSION = YES;
				CLANG_WARN_INT_CONVERSION = YES;
				CLANG_WARN_NON_LITERAL_NULL_CONVERSION = YES;
				CLANG_WARN_OBJC_IMPLICIT_RETAIN_SELF = YES;
				CLANG_WARN_OBJC_LITERAL_CONVERSION = YES;
				CLANG_WARN_OBJC_ROOT_CLASS = YES_ERROR;
				CLANG_WARN_QUOTED_INCLUDE_IN_FRAMEWORK_HEADER = YES;
				CLANG_WARN_RANGE_LOOP_ANALYSIS = YES;
				CLANG_WARN_STRICT_PROTOTYPES = YES;
				CLANG_WARN_SUSPICIOUS_MOVE = YES;
				CLANG_WARN_UNGUARDED_AVAILABILITY = YES_AGGRESSIVE;
				CLANG_WARN_UNREACHABLE_CODE = YES;
				CLANG_WARN__DUPLICATE_METHOD_MATCH = YES;
				COPY_PHASE_STRIP = NO;
				DEBUG_INFORMATION_FORMAT = dwarf;
				ENABLE_STRICT_OBJC_MSGSEND = YES;
				ENABLE_TESTABILITY = YES;
				GCC_C_LANGUAGE_STANDARD = gnu11;
				GCC_DYNAMIC_NO_PIC = NO;
				GCC_NO_COMMON_BLOCKS = YES;
				GCC_OPTIMIZATION_LEVEL = 0;
				GCC_PREPROCESSOR_DEFINITIONS = (
					"DEBUG=1",
					"$(inherited)",
				);
				GCC_WARN_64_TO_32_BIT_CONVERSION = YES;
				GCC_WARN_ABOUT_RETURN_TYPE = YES_ERROR;
				GCC_WARN_UNDECLARED_SELECTOR = YES;
				GCC_WARN_UNINITIALIZED_AUTOS = YES_AGGRESSIVE;
				GCC_WARN_UNUSED_FUNCTION = YES;
				GCC_WARN_UNUSED_VARIABLE = YES;
				IPHONEOS_DEPLOYMENT_TARGET = 16.1;
				MTL_ENABLE_DEBUG_INFO = INCLUDE_SOURCE;
				MTL_FAST_MATH = YES;
				ONLY_ACTIVE_ARCH = YES;
				SDKROOT = iphoneos;
				SWIFT_ACTIVE_COMPILATION_CONDITIONS = DEBUG;
				SWIFT_OPTIMIZATION_LEVEL = "-Onone";
			};
			name = Debug;
		};
		FDE88E6629207779000666B1 /* Release */ = {
			isa = XCBuildConfiguration;
			buildSettings = {
				ALWAYS_SEARCH_USER_PATHS = NO;
				CLANG_ANALYZER_NONNULL = YES;
				CLANG_ANALYZER_NUMBER_OBJECT_CONVERSION = YES_AGGRESSIVE;
				CLANG_CXX_LANGUAGE_STANDARD = "gnu++20";
				CLANG_ENABLE_MODULES = YES;
				CLANG_ENABLE_OBJC_ARC = YES;
				CLANG_ENABLE_OBJC_WEAK = YES;
				CLANG_WARN_BLOCK_CAPTURE_AUTORELEASING = YES;
				CLANG_WARN_BOOL_CONVERSION = YES;
				CLANG_WARN_COMMA = YES;
				CLANG_WARN_CONSTANT_CONVERSION = YES;
				CLANG_WARN_DEPRECATED_OBJC_IMPLEMENTATIONS = YES;
				CLANG_WARN_DIRECT_OBJC_ISA_USAGE = YES_ERROR;
				CLANG_WARN_DOCUMENTATION_COMMENTS = YES;
				CLANG_WARN_EMPTY_BODY = YES;
				CLANG_WARN_ENUM_CONVERSION = YES;
				CLANG_WARN_INFINITE_RECURSION = YES;
				CLANG_WARN_INT_CONVERSION = YES;
				CLANG_WARN_NON_LITERAL_NULL_CONVERSION = YES;
				CLANG_WARN_OBJC_IMPLICIT_RETAIN_SELF = YES;
				CLANG_WARN_OBJC_LITERAL_CONVERSION = YES;
				CLANG_WARN_OBJC_ROOT_CLASS = YES_ERROR;
				CLANG_WARN_QUOTED_INCLUDE_IN_FRAMEWORK_HEADER = YES;
				CLANG_WARN_RANGE_LOOP_ANALYSIS = YES;
				CLANG_WARN_STRICT_PROTOTYPES = YES;
				CLANG_WARN_SUSPICIOUS_MOVE = YES;
				CLANG_WARN_UNGUARDED_AVAILABILITY = YES_AGGRESSIVE;
				CLANG_WARN_UNREACHABLE_CODE = YES;
				CLANG_WARN__DUPLICATE_METHOD_MATCH = YES;
				COPY_PHASE_STRIP = NO;
				DEBUG_INFORMATION_FORMAT = "dwarf-with-dsym";
				ENABLE_NS_ASSERTIONS = NO;
				ENABLE_STRICT_OBJC_MSGSEND = YES;
				GCC_C_LANGUAGE_STANDARD = gnu11;
				GCC_NO_COMMON_BLOCKS = YES;
				GCC_WARN_64_TO_32_BIT_CONVERSION = YES;
				GCC_WARN_ABOUT_RETURN_TYPE = YES_ERROR;
				GCC_WARN_UNDECLARED_SELECTOR = YES;
				GCC_WARN_UNINITIALIZED_AUTOS = YES_AGGRESSIVE;
				GCC_WARN_UNUSED_FUNCTION = YES;
				GCC_WARN_UNUSED_VARIABLE = YES;
				IPHONEOS_DEPLOYMENT_TARGET = 16.1;
				MTL_ENABLE_DEBUG_INFO = NO;
				MTL_FAST_MATH = YES;
				SDKROOT = iphoneos;
				SWIFT_COMPILATION_MODE = wholemodule;
				SWIFT_OPTIMIZATION_LEVEL = "-O";
				VALIDATE_PRODUCT = YES;
			};
			name = Release;
		};
		FDE88E6829207779000666B1 /* Debug */ = {
			isa = XCBuildConfiguration;
			buildSettings = {
				ASSETCATALOG_COMPILER_APPICON_NAME = AppIcon;
				ASSETCATALOG_COMPILER_GLOBAL_ACCENT_COLOR_NAME = AccentColor;
				CODE_SIGN_STYLE = Automatic;
				CURRENT_PROJECT_VERSION = 1;
				GENERATE_INFOPLIST_FILE = YES;
				INFOPLIST_FILE = StreetStory/Info.plist;
				INFOPLIST_KEY_UIApplicationSupportsIndirectInputEvents = YES;
				INFOPLIST_KEY_UILaunchStoryboardName = LaunchScreen;
				INFOPLIST_KEY_UIMainStoryboardFile = Main;
				INFOPLIST_KEY_UISupportedInterfaceOrientations_iPad = "UIInterfaceOrientationPortrait UIInterfaceOrientationPortraitUpsideDown UIInterfaceOrientationLandscapeLeft UIInterfaceOrientationLandscapeRight";
				INFOPLIST_KEY_UISupportedInterfaceOrientations_iPhone = "UIInterfaceOrientationPortrait UIInterfaceOrientationLandscapeLeft UIInterfaceOrientationLandscapeRight";
				LD_RUNPATH_SEARCH_PATHS = (
					"$(inherited)",
					"@executable_path/Frameworks",
				);
				MARKETING_VERSION = 1.0;
				PRODUCT_BUNDLE_IDENTIFIER = zhaolian.special.StreetStory;
				PRODUCT_NAME = "$(TARGET_NAME)";
				SWIFT_EMIT_LOC_STRINGS = YES;
				SWIFT_VERSION = 5.0;
				TARGETED_DEVICE_FAMILY = "1,2";
			};
			name = Debug;
		};
		FDE88E6929207779000666B1 /* Release */ = {
			isa = XCBuildConfiguration;
			buildSettings = {
				ASSETCATALOG_COMPILER_APPICON_NAME = AppIcon;
				ASSETCATALOG_COMPILER_GLOBAL_ACCENT_COLOR_NAME = AccentColor;
				CODE_SIGN_STYLE = Automatic;
				CURRENT_PROJECT_VERSION = 1;
				GENERATE_INFOPLIST_FILE = YES;
				INFOPLIST_FILE = StreetStory/Info.plist;
				INFOPLIST_KEY_UIApplicationSupportsIndirectInputEvents = YES;
				INFOPLIST_KEY_UILaunchStoryboardName = LaunchScreen;
				INFOPLIST_KEY_UIMainStoryboardFile = Main;
				INFOPLIST_KEY_UISupportedInterfaceOrientations_iPad = "UIInterfaceOrientationPortrait UIInterfaceOrientationPortraitUpsideDown UIInterfaceOrientationLandscapeLeft UIInterfaceOrientationLandscapeRight";
				INFOPLIST_KEY_UISupportedInterfaceOrientations_iPhone = "UIInterfaceOrientationPortrait UIInterfaceOrientationLandscapeLeft UIInterfaceOrientationLandscapeRight";
				LD_RUNPATH_SEARCH_PATHS = (
					"$(inherited)",
					"@executable_path/Frameworks",
				);
				MARKETING_VERSION = 1.0;
				PRODUCT_BUNDLE_IDENTIFIER = zhaolian.special.StreetStory;
				PRODUCT_NAME = "$(TARGET_NAME)";
				SWIFT_EMIT_LOC_STRINGS = YES;
				SWIFT_VERSION = 5.0;
				TARGETED_DEVICE_FAMILY = "1,2";
			};
			name = Release;
		};
		FDE88E6B29207779000666B1 /* Debug */ = {
			isa = XCBuildConfiguration;
			buildSettings = {
				ALWAYS_EMBED_SWIFT_STANDARD_LIBRARIES = YES;
				BUNDLE_LOADER = "$(TEST_HOST)";
				CODE_SIGN_STYLE = Automatic;
				CURRENT_PROJECT_VERSION = 1;
				GENERATE_INFOPLIST_FILE = YES;
				IPHONEOS_DEPLOYMENT_TARGET = 16.1;
				MARKETING_VERSION = 1.0;
				PRODUCT_BUNDLE_IDENTIFIER = zhaolian.special.StreetStoryTests;
				PRODUCT_NAME = "$(TARGET_NAME)";
				SWIFT_EMIT_LOC_STRINGS = NO;
				SWIFT_VERSION = 5.0;
				TARGETED_DEVICE_FAMILY = "1,2";
				TEST_HOST = "$(BUILT_PRODUCTS_DIR)/StreetStory.app/$(BUNDLE_EXECUTABLE_FOLDER_PATH)/StreetStory";
			};
			name = Debug;
		};
		FDE88E6C29207779000666B1 /* Release */ = {
			isa = XCBuildConfiguration;
			buildSettings = {
				ALWAYS_EMBED_SWIFT_STANDARD_LIBRARIES = YES;
				BUNDLE_LOADER = "$(TEST_HOST)";
				CODE_SIGN_STYLE = Automatic;
				CURRENT_PROJECT_VERSION = 1;
				GENERATE_INFOPLIST_FILE = YES;
				IPHONEOS_DEPLOYMENT_TARGET = 16.1;
				MARKETING_VERSION = 1.0;
				PRODUCT_BUNDLE_IDENTIFIER = zhaolian.special.StreetStoryTests;
				PRODUCT_NAME = "$(TARGET_NAME)";
				SWIFT_EMIT_LOC_STRINGS = NO;
				SWIFT_VERSION = 5.0;
				TARGETED_DEVICE_FAMILY = "1,2";
				TEST_HOST = "$(BUILT_PRODUCTS_DIR)/StreetStory.app/$(BUNDLE_EXECUTABLE_FOLDER_PATH)/StreetStory";
			};
			name = Release;
		};
		FDE88E6E29207779000666B1 /* Debug */ = {
			isa = XCBuildConfiguration;
			buildSettings = {
				ALWAYS_EMBED_SWIFT_STANDARD_LIBRARIES = YES;
				CODE_SIGN_STYLE = Automatic;
				CURRENT_PROJECT_VERSION = 1;
				GENERATE_INFOPLIST_FILE = YES;
				MARKETING_VERSION = 1.0;
				PRODUCT_BUNDLE_IDENTIFIER = zhaolian.special.StreetStoryUITests;
				PRODUCT_NAME = "$(TARGET_NAME)";
				SWIFT_EMIT_LOC_STRINGS = NO;
				SWIFT_VERSION = 5.0;
				TARGETED_DEVICE_FAMILY = "1,2";
				TEST_TARGET_NAME = StreetStory;
			};
			name = Debug;
		};
		FDE88E6F29207779000666B1 /* Release */ = {
			isa = XCBuildConfiguration;
			buildSettings = {
				ALWAYS_EMBED_SWIFT_STANDARD_LIBRARIES = YES;
				CODE_SIGN_STYLE = Automatic;
				CURRENT_PROJECT_VERSION = 1;
				GENERATE_INFOPLIST_FILE = YES;
				MARKETING_VERSION = 1.0;
				PRODUCT_BUNDLE_IDENTIFIER = zhaolian.special.StreetStoryUITests;
				PRODUCT_NAME = "$(TARGET_NAME)";
				SWIFT_EMIT_LOC_STRINGS = NO;
				SWIFT_VERSION = 5.0;
				TARGETED_DEVICE_FAMILY = "1,2";
				TEST_TARGET_NAME = StreetStory;
			};
			name = Release;
		};
/* End XCBuildConfiguration section */

/* Begin XCConfigurationList section */
		FDE88E3829207778000666B1 /* Build configuration list for PBXProject "StreetStory" */ = {
			isa = XCConfigurationList;
			buildConfigurations = (
				FDE88E6529207779000666B1 /* Debug */,
				FDE88E6629207779000666B1 /* Release */,
			);
			defaultConfigurationIsVisible = 0;
			defaultConfigurationName = Release;
		};
		FDE88E6729207779000666B1 /* Build configuration list for PBXNativeTarget "StreetStory" */ = {
			isa = XCConfigurationList;
			buildConfigurations = (
				FDE88E6829207779000666B1 /* Debug */,
				FDE88E6929207779000666B1 /* Release */,
			);
			defaultConfigurationIsVisible = 0;
			defaultConfigurationName = Release;
		};
		FDE88E6A29207779000666B1 /* Build configuration list for PBXNativeTarget "StreetStoryTests" */ = {
			isa = XCConfigurationList;
			buildConfigurations = (
				FDE88E6B29207779000666B1 /* Debug */,
				FDE88E6C29207779000666B1 /* Release */,
			);
			defaultConfigurationIsVisible = 0;
			defaultConfigurationName = Release;
		};
		FDE88E6D29207779000666B1 /* Build configuration list for PBXNativeTarget "StreetStoryUITests" */ = {
			isa = XCConfigurationList;
			buildConfigurations = (
				FDE88E6E29207779000666B1 /* Debug */,
				FDE88E6F29207779000666B1 /* Release */,
			);
			defaultConfigurationIsVisible = 0;
			defaultConfigurationName = Release;
		};
/* End XCConfigurationList section */
	};
	rootObject = FDE88E3529207778000666B1 /* Project object */;
}
